
Microsoft Visual Studio Solution File, Format Version 12.00
# Visual Studio 15
VisualStudioVersion = 15.0.27703.2035
MinimumVisualStudioVersion = 10.0.40219.1
Project("{FAE04EC0-301F-11D3-BF4B-00C04F79EFBC}") = "CinemAPI", "CinemAPI\CinemAPI.csproj", "{48D8CB75-D764-4FFE-807F-B76ACF2561DB}"
EndProject
Project("{FAE04EC0-301F-11D3-BF4B-00C04F79EFBC}") = "CinemAPI.Models", "CinemAPI.Models\CinemAPI.Models.csproj", "{BA334908-BED7-43D3-B885-A8B529EC6D36}"
EndProject
Project("{FAE04EC0-301F-11D3-BF4B-00C04F79EFBC}") = "CinemAPI.Data.Contracts", "CinemAPI.Data\CinemAPI.Data.Contracts.csproj", "{B591E11A-DF58-4DDB-8B92-D3DA896FCCF5}"
EndProject
Project("{FAE04EC0-301F-11D3-BF4B-00C04F79EFBC}") = "CinemAPI.Models.Contracts", "CinemAPI.Models.Contracts\CinemAPI.Models.Contracts.csproj", "{6599FDBF-A597-4B63-8DA6-62BA0958DBCA}"
EndProject
Project("{FAE04EC0-301F-11D3-BF4B-00C04F79EFBC}") = "CinemAPI.IoCContainer", "CinemAPI.IoCContainer\CinemAPI.IoCContainer.csproj", "{6F75CD0F-3529-454C-ACAF-14028FC350A0}"
EndProject
Project("{FAE04EC0-301F-11D3-BF4B-00C04F79EFBC}") = "CinemAPI.Data.Implementation", "CinemAPI.Data.Implementation\CinemAPI.Data.Implementation.csproj", "{66A685FD-C5ED-4F5A-BB5E-83E459EE3E97}"
EndProject
Global
	GlobalSection(SolutionConfigurationPlatforms) = preSolution
		Debug|Any CPU = Debug|Any CPU
		Release|Any CPU = Release|Any CPU
	EndGlobalSection
	GlobalSection(ProjectConfigurationPlatforms) = postSolution
		{48D8CB75-D764-4FFE-807F-B76ACF2561DB}.Debug|Any CPU.ActiveCfg = Debug|Any CPU
		{48D8CB75-D764-4FFE-807F-B76ACF2561DB}.Debug|Any CPU.Build.0 = Debug|Any CPU
		{48D8CB75-D764-4FFE-807F-B76ACF2561DB}.Release|Any CPU.ActiveCfg = Release|Any CPU
		{48D8CB75-D764-4FFE-807F-B76ACF2561DB}.Release|Any CPU.Build.0 = Release|Any CPU
		{BA334908-BED7-43D3-B885-A8B529EC6D36}.Debug|Any CPU.ActiveCfg = Debug|Any CPU
		{BA334908-BED7-43D3-B885-A8B529EC6D36}.Debug|Any CPU.Build.0 = Debug|Any CPU
		{BA334908-BED7-43D3-B885-A8B529EC6D36}.Release|Any CPU.ActiveCfg = Release|Any CPU
		{BA334908-BED7-43D3-B885-A8B529EC6D36}.Release|Any CPU.Build.0 = Release|Any CPU
		{B591E11A-DF58-4DDB-8B92-D3DA896FCCF5}.Debug|Any CPU.ActiveCfg = Debug|Any CPU
		{B591E11A-DF58-4DDB-8B92-D3DA896FCCF5}.Debug|Any CPU.Build.0 = Debug|Any CPU
		{B591E11A-DF58-4DDB-8B92-D3DA896FCCF5}.Release|Any CPU.ActiveCfg = Release|Any CPU
		{B591E11A-DF58-4DDB-8B92-D3DA896FCCF5}.Release|Any CPU.Build.0 = Release|Any CPU
		{6599FDBF-A597-4B63-8DA6-62BA0958DBCA}.Debug|Any CPU.ActiveCfg = Debug|Any CPU
		{6599FDBF-A597-4B63-8DA6-62BA0958DBCA}.Debug|Any CPU.Build.0 = Debug|Any CPU
		{6599FDBF-A597-4B63-8DA6-62BA0958DBCA}.Release|Any CPU.ActiveCfg = Release|Any CPU
		{6599FDBF-A597-4B63-8DA6-62BA0958DBCA}.Release|Any CPU.Build.0 = Release|Any CPU
		{6F75CD0F-3529-454C-ACAF-14028FC350A0}.Debug|Any CPU.ActiveCfg = Debug|Any CPU
		{6F75CD0F-3529-454C-ACAF-14028FC350A0}.Debug|Any CPU.Build.0 = Debug|Any CPU
		{6F75CD0F-3529-454C-ACAF-14028FC350A0}.Release|Any CPU.ActiveCfg = Release|Any CPU
		{6F75CD0F-3529-454C-ACAF-14028FC350A0}.Release|Any CPU.Build.0 = Release|Any CPU
		{66A685FD-C5ED-4F5A-BB5E-83E459EE3E97}.Debug|Any CPU.ActiveCfg = Debug|Any CPU
		{66A685FD-C5ED-4F5A-BB5E-83E459EE3E97}.Debug|Any CPU.Build.0 = Debug|Any CPU
		{66A685FD-C5ED-4F5A-BB5E-83E459EE3E97}.Release|Any CPU.ActiveCfg = Release|Any CPU
		{66A685FD-C5ED-4F5A-BB5E-83E459EE3E97}.Release|Any CPU.Build.0 = Release|Any CPU
	EndGlobalSection
	GlobalSection(SolutionProperties) = preSolution
		HideSolutionNode = FALSE
	EndGlobalSection
	GlobalSection(ExtensibilityGlobals) = postSolution
		SolutionGuid = {79EE1212-9184-4A3F-988F-6AC627D1978F}
	EndGlobalSection
EndGlobal
